// !$*UTF8*$!
{
	archiveVersion = 1;
	classes = {
	};
	objectVersion = 50;
	objects = {

/* Begin PBXBuildFile section */
		A9F8518C2552EDB600E5211B /* AppDelegate.swift in Sources */ = {isa = PBXBuildFile; fileRef = A9F8518B2552EDB600E5211B /* AppDelegate.swift */; };
		A9F8518E2552EDB600E5211B /* SceneDelegate.swift in Sources */ = {isa = PBXBuildFile; fileRef = A9F8518D2552EDB600E5211B /* SceneDelegate.swift */; };
		A9F851932552EDB600E5211B /* Main.storyboard in Resources */ = {isa = PBXBuildFile; fileRef = A9F851912552EDB600E5211B /* Main.storyboard */; };
		A9F851952552EDBB00E5211B /* Assets.xcassets in Resources */ = {isa = PBXBuildFile; fileRef = A9F851942552EDBB00E5211B /* Assets.xcassets */; };
		A9F851982552EDBB00E5211B /* LaunchScreen.storyboard in Resources */ = {isa = PBXBuildFile; fileRef = A9F851962552EDBB00E5211B /* LaunchScreen.storyboard */; };
		A9F851AE2553236800E5211B /* PersonsListViewController.swift in Sources */ = {isa = PBXBuildFile; fileRef = A9F851AD2553236800E5211B /* PersonsListViewController.swift */; };
		A9F851B12553247300E5211B /* FullInfoViewController.swift in Sources */ = {isa = PBXBuildFile; fileRef = A9F851B02553247300E5211B /* FullInfoViewController.swift */; };
		A9F851B62553258C00E5211B /* Person.swift in Sources */ = {isa = PBXBuildFile; fileRef = A9F851B52553258C00E5211B /* Person.swift */; };
		A9F851B9255326AE00E5211B /* DataManager.swift in Sources */ = {isa = PBXBuildFile; fileRef = A9F851B8255326AE00E5211B /* DataManager.swift */; };
		A9F851BD25532AD300E5211B /* ContactDetailsViewController.swift in Sources */ = {isa = PBXBuildFile; fileRef = A9F851BC25532AD300E5211B /* ContactDetailsViewController.swift */; };
		A9F851C32557257F00E5211B /* TabBarController.swift in Sources */ = {isa = PBXBuildFile; fileRef = A9F851C22557257F00E5211B /* TabBarController.swift */; };
/* End PBXBuildFile section */

/* Begin PBXFileReference section */
		A9F851882552EDB600E5211B /* Contact List App.app */ = {isa = PBXFileReference; explicitFileType = wrapper.application; includeInIndex = 0; path = "Contact List App.app"; sourceTree = BUILT_PRODUCTS_DIR; };
		A9F8518B2552EDB600E5211B /* AppDelegate.swift */ = {isa = PBXFileReference; lastKnownFileType = sourcecode.swift; path = AppDelegate.swift; sourceTree = "<group>"; };
		A9F8518D2552EDB600E5211B /* SceneDelegate.swift */ = {isa = PBXFileReference; lastKnownFileType = sourcecode.swift; path = SceneDelegate.swift; sourceTree = "<group>"; };
		A9F851922552EDB600E5211B /* Base */ = {isa = PBXFileReference; lastKnownFileType = file.storyboard; name = Base; path = Base.lproj/Main.storyboard; sourceTree = "<group>"; };
		A9F851942552EDBB00E5211B /* Assets.xcassets */ = {isa = PBXFileReference; lastKnownFileType = folder.assetcatalog; path = Assets.xcassets; sourceTree = "<group>"; };
		A9F851972552EDBB00E5211B /* Base */ = {isa = PBXFileReference; lastKnownFileType = file.storyboard; name = Base; path = Base.lproj/LaunchScreen.storyboard; sourceTree = "<group>"; };
		A9F851992552EDBB00E5211B /* Info.plist */ = {isa = PBXFileReference; lastKnownFileType = text.plist.xml; path = Info.plist; sourceTree = "<group>"; };
		A9F851AD2553236800E5211B /* PersonsListViewController.swift */ = {isa = PBXFileReference; lastKnownFileType = sourcecode.swift; path = PersonsListViewController.swift; sourceTree = "<group>"; };
		A9F851B02553247300E5211B /* FullInfoViewController.swift */ = {isa = PBXFileReference; lastKnownFileType = sourcecode.swift; path = FullInfoViewController.swift; sourceTree = "<group>"; };
		A9F851B52553258C00E5211B /* Person.swift */ = {isa = PBXFileReference; lastKnownFileType = sourcecode.swift; path = Person.swift; sourceTree = "<group>"; };
		A9F851B8255326AE00E5211B /* DataManager.swift */ = {isa = PBXFileReference; lastKnownFileType = sourcecode.swift; path = DataManager.swift; sourceTree = "<group>"; };
		A9F851BC25532AD300E5211B /* ContactDetailsViewController.swift */ = {isa = PBXFileReference; lastKnownFileType = sourcecode.swift; path = ContactDetailsViewController.swift; sourceTree = "<group>"; };
		A9F851C22557257F00E5211B /* TabBarController.swift */ = {isa = PBXFileReference; lastKnownFileType = sourcecode.swift; path = TabBarController.swift; sourceTree = "<group>"; };
/* End PBXFileReference section */

/* Begin PBXFrameworksBuildPhase section */
		A9F851852552EDB600E5211B /* Frameworks */ = {
			isa = PBXFrameworksBuildPhase;
			buildActionMask = 2147483647;
			files = (
			);
			runOnlyForDeploymentPostprocessing = 0;
		};
/* End PBXFrameworksBuildPhase section */

/* Begin PBXGroup section */
		A9F8517F2552EDB600E5211B = {
			isa = PBXGroup;
			children = (
				A9F8518A2552EDB600E5211B /* Contact List App */,
				A9F851892552EDB600E5211B /* Products */,
			);
			sourceTree = "<group>";
		};
		A9F851892552EDB600E5211B /* Products */ = {
			isa = PBXGroup;
			children = (
				A9F851882552EDB600E5211B /* Contact List App.app */,
			);
			name = Products;
			sourceTree = "<group>";
		};
		A9F8518A2552EDB600E5211B /* Contact List App */ = {
			isa = PBXGroup;
			children = (
				A9F8518B2552EDB600E5211B /* AppDelegate.swift */,
				A9F8518D2552EDB600E5211B /* SceneDelegate.swift */,
				A9F851912552EDB600E5211B /* Main.storyboard */,
				A9F851C22557257F00E5211B /* TabBarController.swift */,
				A9F851AD2553236800E5211B /* PersonsListViewController.swift */,
				A9F851BC25532AD300E5211B /* ContactDetailsViewController.swift */,
				A9F851B02553247300E5211B /* FullInfoViewController.swift */,
				A9F851B52553258C00E5211B /* Person.swift */,
				A9F851B8255326AE00E5211B /* DataManager.swift */,
				A9F851942552EDBB00E5211B /* Assets.xcassets */,
				A9F851962552EDBB00E5211B /* LaunchScreen.storyboard */,
				A9F851992552EDBB00E5211B /* Info.plist */,
			);
			path = "Contact List App";
			sourceTree = "<group>";
		};
/* End PBXGroup section */

/* Begin PBXNativeTarget section */
		A9F851872552EDB600E5211B /* Contact List App */ = {
			isa = PBXNativeTarget;
			buildConfigurationList = A9F8519C2552EDBB00E5211B /* Build configuration list for PBXNativeTarget "Contact List App" */;
			buildPhases = (
				A9F851842552EDB600E5211B /* Sources */,
				A9F851852552EDB600E5211B /* Frameworks */,
				A9F851862552EDB600E5211B /* Resources */,
			);
			buildRules = (
			);
			dependencies = (
			);
			name = "Contact List App";
			productName = "Contact List App";
			productReference = A9F851882552EDB600E5211B /* Contact List App.app */;
			productType = "com.apple.product-type.application";
		};
/* End PBXNativeTarget section */

/* Begin PBXProject section */
		A9F851802552EDB600E5211B /* Project object */ = {
			isa = PBXProject;
			attributes = {
				LastSwiftUpdateCheck = 1210;
				LastUpgradeCheck = 1210;
				TargetAttributes = {
					A9F851872552EDB600E5211B = {
						CreatedOnToolsVersion = 12.1;
					};
				};
			};
			buildConfigurationList = A9F851832552EDB600E5211B /* Build configuration list for PBXProject "Contact List App" */;
			compatibilityVersion = "Xcode 9.3";
			developmentRegion = en;
			hasScannedForEncodings = 0;
			knownRegions = (
				en,
				Base,
			);
			mainGroup = A9F8517F2552EDB600E5211B;
			productRefGroup = A9F851892552EDB600E5211B /* Products */;
			projectDirPath = "";
			projectRoot = "";
			targets = (
				A9F851872552EDB600E5211B /* Contact List App */,
			);
		};
/* End PBXProject section */

/* Begin PBXResourcesBuildPhase section */
		A9F851862552EDB600E5211B /* Resources */ = {
			isa = PBXResourcesBuildPhase;
			buildActionMask = 2147483647;
			files = (
				A9F851982552EDBB00E5211B /* LaunchScreen.storyboard in Resources */,
				A9F851952552EDBB00E5211B /* Assets.xcassets in Resources */,
				A9F851932552EDB600E5211B /* Main.storyboard in Resources */,
			);
			runOnlyForDeploymentPostprocessing = 0;
		};
/* End PBXResourcesBuildPhase section */

/* Begin PBXSourcesBuildPhase section */
		A9F851842552EDB600E5211B /* Sources */ = {
			isa = PBXSourcesBuildPhase;
			buildActionMask = 2147483647;
			files = (
				A9F851B62553258C00E5211B /* Person.swift in Sources */,
				A9F851C32557257F00E5211B /* TabBarController.swift in Sources */,
				A9F851BD25532AD300E5211B /* ContactDetailsViewController.swift in Sources */,
				A9F851B9255326AE00E5211B /* DataManager.swift in Sources */,
				A9F8518C2552EDB600E5211B /* AppDelegate.swift in Sources */,
				A9F851B12553247300E5211B /* FullInfoViewController.swift in Sources */,
				A9F851AE2553236800E5211B /* PersonsListViewController.swift in Sources */,
				A9F8518E2552EDB600E5211B /* SceneDelegate.swift in Sources */,
			);
			runOnlyForDeploymentPostprocessing = 0;
		};
/* End PBXSourcesBuildPhase section */

/* Begin PBXVariantGroup section */
		A9F851912552EDB600E5211B /* Main.storyboard */ = {
			isa = PBXVariantGroup;
			children = (
				A9F851922552EDB600E5211B /* Base */,
			);
			name = Main.storyboard;
			sourceTree = "<group>";
		};
		A9F851962552EDBB00E5211B /* LaunchScreen.storyboard */ = {
			isa = PBXVariantGroup;
			children = (
				A9F851972552EDBB00E5211B /* Base */,
			);
			name = LaunchScreen.storyboard;
			sourceTree = "<group>";
		};
/* End PBXVariantGroup section */

/* Begin XCBuildConfiguration section */
		A9F8519A2552EDBB00E5211B /* Debug */ = {
			isa = XCBuildConfiguration;
			buildSettings = {
				ALWAYS_SEARCH_USER_PATHS = NO;
				CLANG_ANALYZER_NONNULL = YES;
				CLANG_ANALYZER_NUMBER_OBJECT_CONVERSION = YES_AGGRESSIVE;
				CLANG_CXX_LANGUAGE_STANDARD = "gnu++14";
				CLANG_CXX_LIBRARY = "libc++";
				CLANG_ENABLE_MODULES = YES;
				CLANG_ENABLE_OBJC_ARC = YES;
				CLANG_ENABLE_OBJC_WEAK = YES;
				CLANG_WARN_BLOCK_CAPTURE_AUTORELEASING = YES;
				CLANG_WARN_BOOL_CONVERSION = YES;
				CLANG_WARN_COMMA = YES;
				CLANG_WARN_CONSTANT_CONVERSION = YES;
				CLANG_WARN_DEPRECATED_OBJC_IMPLEMENTATIONS = YES;
				CLANG_WARN_DIRECT_OBJC_ISA_USAGE = YES_ERROR;
				CLANG_WARN_DOCUMENTATION_COMMENTS = YES;
				CLANG_WARN_EMPTY_BODY = YES;
				CLANG_WARN_ENUM_CONVERSION = YES;
				CLANG_WARN_INFINITE_RECURSION = YES;
				CLANG_WARN_INT_CONVERSION = YES;
				CLANG_WARN_NON_LITERAL_NULL_CONVERSION = YES;
				CLANG_WARN_OBJC_IMPLICIT_RETAIN_SELF = YES;
				CLANG_WARN_OBJC_LITERAL_CONVERSION = YES;
				CLANG_WARN_OBJC_ROOT_CLASS = YES_ERROR;
				CLANG_WARN_QUOTED_INCLUDE_IN_FRAMEWORK_HEADER = YES;
				CLANG_WARN_RANGE_LOOP_ANALYSIS = YES;
				CLANG_WARN_STRICT_PROTOTYPES = YES;
				CLANG_WARN_SUSPICIOUS_MOVE = YES;
				CLANG_WARN_UNGUARDED_AVAILABILITY = YES_AGGRESSIVE;
				CLANG_WARN_UNREACHABLE_CODE = YES;
				CLANG_WARN__DUPLICATE_METHOD_MATCH = YES;
				COPY_PHASE_STRIP = NO;
				DEBUG_INFORMATION_FORMAT = dwarf;
				ENABLE_STRICT_OBJC_MSGSEND = YES;
				ENABLE_TESTABILITY = YES;
				GCC_C_LANGUAGE_STANDARD = gnu11;
				GCC_DYNAMIC_NO_PIC = NO;
				GCC_NO_COMMON_BLOCKS = YES;
				GCC_OPTIMIZATION_LEVEL = 0;
				GCC_PREPROCESSOR_DEFINITIONS = (
					"DEBUG=1",
					"$(inherited)",
				);
				GCC_WARN_64_TO_32_BIT_CONVERSION = YES;
				GCC_WARN_ABOUT_RETURN_TYPE = YES_ERROR;
				GCC_WARN_UNDECLARED_SELECTOR = YES;
				GCC_WARN_UNINITIALIZED_AUTOS = YES_AGGRESSIVE;
				GCC_WARN_UNUSED_FUNCTION = YES;
				GCC_WARN_UNUSED_VARIABLE = YES;
				IPHONEOS_DEPLOYMENT_TARGET = 14.1;
				MTL_ENABLE_DEBUG_INFO = INCLUDE_SOURCE;
				MTL_FAST_MATH = YES;
				ONLY_ACTIVE_ARCH = YES;
				SDKROOT = iphoneos;
				SWIFT_ACTIVE_COMPILATION_CONDITIONS = DEBUG;
				SWIFT_OPTIMIZATION_LEVEL = "-Onone";
			};
			name = Debug;
		};
		A9F8519B2552EDBB00E5211B /* Release */ = {
			isa = XCBuildConfiguration;
			buildSettings = {
				ALWAYS_SEARCH_USER_PATHS = NO;
				CLANG_ANALYZER_NONNULL = YES;
				CLANG_ANALYZER_NUMBER_OBJECT_CONVERSION = YES_AGGRESSIVE;
				CLANG_CXX_LANGUAGE_STANDARD = "gnu++14";
				CLANG_CXX_LIBRARY = "libc++";
				CLANG_ENABLE_MODULES = YES;
				CLANG_ENABLE_OBJC_ARC = YES;
				CLANG_ENABLE_OBJC_WEAK = YES;
				CLANG_WARN_BLOCK_CAPTURE_AUTORELEASING = YES;
				CLANG_WARN_BOOL_CONVERSION = YES;
				CLANG_WARN_COMMA = YES;
				CLANG_WARN_CONSTANT_CONVERSION = YES;
				CLANG_WARN_DEPRECATED_OBJC_IMPLEMENTATIONS = YES;
				CLANG_WARN_DIRECT_OBJC_ISA_USAGE = YES_ERROR;
				CLANG_WARN_DOCUMENTATION_COMMENTS = YES;
				CLANG_WARN_EMPTY_BODY = YES;
				CLANG_WARN_ENUM_CONVERSION = YES;
				CLANG_WARN_INFINITE_RECURSION = YES;
				CLANG_WARN_INT_CONVERSION = YES;
				CLANG_WARN_NON_LITERAL_NULL_CONVERSION = YES;
				CLANG_WARN_OBJC_IMPLICIT_RETAIN_SELF = YES;
				CLANG_WARN_OBJC_LITERAL_CONVERSION = YES;
				CLANG_WARN_OBJC_ROOT_CLASS = YES_ERROR;
				CLANG_WARN_QUOTED_INCLUDE_IN_FRAMEWORK_HEADER = YES;
				CLANG_WARN_RANGE_LOOP_ANALYSIS = YES;
				CLANG_WARN_STRICT_PROTOTYPES = YES;
				CLANG_WARN_SUSPICIOUS_MOVE = YES;
				CLANG_WARN_UNGUARDED_AVAILABILITY = YES_AGGRESSIVE;
				CLANG_WARN_UNREACHABLE_CODE = YES;
				CLANG_WARN__DUPLICATE_METHOD_MATCH = YES;
				COPY_PHASE_STRIP = NO;
				DEBUG_INFORMATION_FORMAT = "dwarf-with-dsym";
				ENABLE_NS_ASSERTIONS = NO;
				ENABLE_STRICT_OBJC_MSGSEND = YES;
				GCC_C_LANGUAGE_STANDARD = gnu11;
				GCC_NO_COMMON_BLOCKS = YES;
				GCC_WARN_64_TO_32_BIT_CONVERSION = YES;
				GCC_WARN_ABOUT_RETURN_TYPE = YES_ERROR;
				GCC_WARN_UNDECLARED_SELECTOR = YES;
				GCC_WARN_UNINITIALIZED_AUTOS = YES_AGGRESSIVE;
				GCC_WARN_UNUSED_FUNCTION = YES;
				GCC_WARN_UNUSED_VARIABLE = YES;
				IPHONEOS_DEPLOYMENT_TARGET = 14.1;
				MTL_ENABLE_DEBUG_INFO = NO;
				MTL_FAST_MATH = YES;
				SDKROOT = iphoneos;
				SWIFT_COMPILATION_MODE = wholemodule;
				SWIFT_OPTIMIZATION_LEVEL = "-O";
				VALIDATE_PRODUCT = YES;
			};
			name = Release;
		};
		A9F8519D2552EDBB00E5211B /* Debug */ = {
			isa = XCBuildConfiguration;
			buildSettings = {
				ASSETCATALOG_COMPILER_APPICON_NAME = AppIcon;
				ASSETCATALOG_COMPILER_GLOBAL_ACCENT_COLOR_NAME = AccentColor;
				CODE_SIGN_STYLE = Automatic;
				DEVELOPMENT_TEAM = MFD2F7523G;
				INFOPLIST_FILE = "Contact List App/Info.plist";
				LD_RUNPATH_SEARCH_PATHS = (
					"$(inherited)",
					"@executable_path/Frameworks",
				);
				PRODUCT_BUNDLE_IDENTIFIER = "Alexander.Pismenskiy.Contact-List-App";
				PRODUCT_NAME = "$(TARGET_NAME)";
				SWIFT_VERSION = 5.0;
				TARGETED_DEVICE_FAMILY = "1,2";
			};
			name = Debug;
		};
		A9F8519E2552EDBB00E5211B /* Release */ = {
			isa = XCBuildConfiguration;
			buildSettings = {
				ASSETCATALOG_COMPILER_APPICON_NAME = AppIcon;
				ASSETCATALOG_COMPILER_GLOBAL_ACCENT_COLOR_NAME = AccentColor;
				CODE_SIGN_STYLE = Automatic;
				DEVELOPMENT_TEAM = MFD2F7523G;
				INFOPLIST_FILE = "Contact List App/Info.plist";
				LD_RUNPATH_SEARCH_PATHS = (
					"$(inherited)",
					"@executable_path/Frameworks",
				);
				PRODUCT_BUNDLE_IDENTIFIER = "Alexander.Pismenskiy.Contact-List-App";
				PRODUCT_NAME = "$(TARGET_NAME)";
				SWIFT_VERSION = 5.0;
				TARGETED_DEVICE_FAMILY = "1,2";
			};
			name = Release;
		};
/* End XCBuildConfiguration section */

/* Begin XCConfigurationList section */
		A9F851832552EDB600E5211B /* Build configuration list for PBXProject "Contact List App" */ = {
			isa = XCConfigurationList;
			buildConfigurations = (
				A9F8519A2552EDBB00E5211B /* Debug */,
				A9F8519B2552EDBB00E5211B /* Release */,
			);
			defaultConfigurationIsVisible = 0;
			defaultConfigurationName = Release;
		};
		A9F8519C2552EDBB00E5211B /* Build configuration list for PBXNativeTarget "Contact List App" */ = {
			isa = XCConfigurationList;
			buildConfigurations = (
				A9F8519D2552EDBB00E5211B /* Debug */,
				A9F8519E2552EDBB00E5211B /* Release */,
			);
			defaultConfigurationIsVisible = 0;
			defaultConfigurationName = Release;
		};
/* End XCConfigurationList section */
	};
	rootObject = A9F851802552EDB600E5211B /* Project object */;
}
